
Microsoft Visual Studio Solution File, Format Version 12.00
# Visual Studio Version 17
VisualStudioVersion = 17.5.33627.172
MinimumVisualStudioVersion = 10.0.40219.1
Project("{FAE04EC0-301F-11D3-BF4B-00C04F79EFBC}") = "OnlineTicketBookingWeb", "OnlineTicketBooking\OnlineTicketBookingWeb.csproj", "{B6B8F0EA-E674-4B37-B916-F35BCD67DCD4}"
EndProject
Project("{FAE04EC0-301F-11D3-BF4B-00C04F79EFBC}") = "OnlineTicketBookingDataAccess", "OnlineTicketBookingDataAccess\OnlineTicketBookingDataAccess.csproj", "{38E49B06-97F2-4D92-A471-5C913BEB29A7}"
EndProject
Project("{FAE04EC0-301F-11D3-BF4B-00C04F79EFBC}") = "OnlineTicketBookingAPI", "OnlineTicketBookingWebAPI\OnlineTicketBookingAPI.csproj", "{7EF90C19-9A33-4819-80E8-F6925456AFD3}"
EndProject
Global
	GlobalSection(SolutionConfigurationPlatforms) = preSolution
		Debug|Any CPU = Debug|Any CPU
		Release|Any CPU = Release|Any CPU
	EndGlobalSection
	GlobalSection(ProjectConfigurationPlatforms) = postSolution
		{B6B8F0EA-E674-4B37-B916-F35BCD67DCD4}.Debug|Any CPU.ActiveCfg = Debug|Any CPU
		{B6B8F0EA-E674-4B37-B916-F35BCD67DCD4}.Debug|Any CPU.Build.0 = Debug|Any CPU
		{B6B8F0EA-E674-4B37-B916-F35BCD67DCD4}.Release|Any CPU.ActiveCfg = Release|Any CPU
		{B6B8F0EA-E674-4B37-B916-F35BCD67DCD4}.Release|Any CPU.Build.0 = Release|Any CPU
		{38E49B06-97F2-4D92-A471-5C913BEB29A7}.Debug|Any CPU.ActiveCfg = Debug|Any CPU
		{38E49B06-97F2-4D92-A471-5C913BEB29A7}.Debug|Any CPU.Build.0 = Debug|Any CPU
		{38E49B06-97F2-4D92-A471-5C913BEB29A7}.Release|Any CPU.ActiveCfg = Release|Any CPU
		{38E49B06-97F2-4D92-A471-5C913BEB29A7}.Release|Any CPU.Build.0 = Release|Any CPU
		{7EF90C19-9A33-4819-80E8-F6925456AFD3}.Debug|Any CPU.ActiveCfg = Debug|Any CPU
		{7EF90C19-9A33-4819-80E8-F6925456AFD3}.Debug|Any CPU.Build.0 = Debug|Any CPU
		{7EF90C19-9A33-4819-80E8-F6925456AFD3}.Release|Any CPU.ActiveCfg = Release|Any CPU
		{7EF90C19-9A33-4819-80E8-F6925456AFD3}.Release|Any CPU.Build.0 = Release|Any CPU
	EndGlobalSection
	GlobalSection(SolutionProperties) = preSolution
		HideSolutionNode = FALSE
	EndGlobalSection
	GlobalSection(ExtensibilityGlobals) = postSolution
		SolutionGuid = {7DC77E06-3EB9-4C3A-95E5-6CEE687B7441}
	EndGlobalSection
EndGlobal
